
Microsoft Visual Studio Solution File, Format Version 12.00
# Visual Studio Version 17
VisualStudioVersion = 17.5.33627.172
MinimumVisualStudioVersion = 10.0.40219.1
Project("{FAE04EC0-301F-11D3-BF4B-00C04F79EFBC}") = "EcommerceApis", "EcommerceApis\EcommerceApis.csproj", "{520EC959-6194-48E1-84A7-1739EA06B5AD}"
EndProject
Global
	GlobalSection(SolutionConfigurationPlatforms) = preSolution
		Debug|Any CPU = Debug|Any CPU
		Release|Any CPU = Release|Any CPU
	EndGlobalSection
	GlobalSection(ProjectConfigurationPlatforms) = postSolution
		{520EC959-6194-48E1-84A7-1739EA06B5AD}.Debug|Any CPU.ActiveCfg = Debug|Any CPU
		{520EC959-6194-48E1-84A7-1739EA06B5AD}.Debug|Any CPU.Build.0 = Debug|Any CPU
		{520EC959-6194-48E1-84A7-1739EA06B5AD}.Release|Any CPU.ActiveCfg = Release|Any CPU
		{520EC959-6194-48E1-84A7-1739EA06B5AD}.Release|Any CPU.Build.0 = Release|Any CPU
	EndGlobalSection
	GlobalSection(SolutionProperties) = preSolution
		HideSolutionNode = FALSE
	EndGlobalSection
	GlobalSection(ExtensibilityGlobals) = postSolution
		SolutionGuid = {1DDE7C27-3401-4E52-8599-4F56A9DAD645}
	EndGlobalSection
EndGlobal
